
Microsoft Visual Studio Solution File, Format Version 12.00
# Visual Studio Version 16
VisualStudioVersion = 16.0.29613.14
MinimumVisualStudioVersion = 10.0.40219.1
Project("{FAE04EC0-301F-11D3-BF4B-00C04F79EFBC}") = "AetheriumNez", "AetheriumNez.csproj", "{DA01E734-2201-410D-BB94-B454A85DE667}"
EndProject
Global
	GlobalSection(SolutionConfigurationPlatforms) = preSolution
		Debug|Any CPU = Debug|Any CPU
		Release|Any CPU = Release|Any CPU
	EndGlobalSection
	GlobalSection(ProjectConfigurationPlatforms) = postSolution
		{DA01E734-2201-410D-BB94-B454A85DE667}.Debug|Any CPU.ActiveCfg = Debug|Any CPU
		{DA01E734-2201-410D-BB94-B454A85DE667}.Debug|Any CPU.Build.0 = Debug|Any CPU
		{DA01E734-2201-410D-BB94-B454A85DE667}.Release|Any CPU.ActiveCfg = Release|Any CPU
		{DA01E734-2201-410D-BB94-B454A85DE667}.Release|Any CPU.Build.0 = Release|Any CPU
	EndGlobalSection
	GlobalSection(SolutionProperties) = preSolution
		HideSolutionNode = FALSE
	EndGlobalSection
	GlobalSection(ExtensibilityGlobals) = postSolution
		SolutionGuid = {3151392D-D6D2-4C46-B34F-9D42F4C02500}
	EndGlobalSection
EndGlobal
